// !$*UTF8*$!
{
	archiveVersion = 1;
	classes = {
	};
	objectVersion = 56;
	objects = {

/* Begin PBXBuildFile section */
		38A008872A37C12D00F050EB /* App.swift in Sources */ = {isa = PBXBuildFile; fileRef = 38A008862A37C12D00F050EB /* App.swift */; };
		38A008892A37C12D00F050EB /* AppView.swift in Sources */ = {isa = PBXBuildFile; fileRef = 38A008882A37C12D00F050EB /* AppView.swift */; };
		38A0088B2A37C12E00F050EB /* Assets.xcassets in Resources */ = {isa = PBXBuildFile; fileRef = 38A0088A2A37C12E00F050EB /* Assets.xcassets */; };
		38A0088E2A37C12E00F050EB /* Preview Assets.xcassets in Resources */ = {isa = PBXBuildFile; fileRef = 38A0088D2A37C12E00F050EB /* Preview Assets.xcassets */; };
		38A008982A37EB7200F050EB /* KeyEventMonitoringInteractor.swift in Sources */ = {isa = PBXBuildFile; fileRef = 38A008972A37EB7200F050EB /* KeyEventMonitoringInteractor.swift */; };
		38A0089A2A37EBFC00F050EB /* Localizable.strings in Resources */ = {isa = PBXBuildFile; fileRef = 38A008992A37EBFC00F050EB /* Localizable.strings */; };
		38A008A12A37FBFF00F050EB /* BluetoothInteractor.swift in Sources */ = {isa = PBXBuildFile; fileRef = 38A008A02A37FBFF00F050EB /* BluetoothInteractor.swift */; };
		38A008A42A386DB400F050EB /* AwaitFirst.swift in Sources */ = {isa = PBXBuildFile; fileRef = 38A008A32A386DB400F050EB /* AwaitFirst.swift */; };
		38A008A62A38754800F050EB /* Logs.swift in Sources */ = {isa = PBXBuildFile; fileRef = 38A008A52A38754800F050EB /* Logs.swift */; };
		38A008AA2A38C7B900F050EB /* AwaitSink.swift in Sources */ = {isa = PBXBuildFile; fileRef = 38A008A92A38C7B900F050EB /* AwaitSink.swift */; };
		38A008AC2A38CD0800F050EB /* CombineLatest5.swift in Sources */ = {isa = PBXBuildFile; fileRef = 38A008AB2A38CD0800F050EB /* CombineLatest5.swift */; };
		38A008B32A38E29700F050EB /* KeyPress.swift in Sources */ = {isa = PBXBuildFile; fileRef = 38A008B22A38E29700F050EB /* KeyPress.swift */; };
		38A008B62A38F0AE00F050EB /* KeyCodes.swift in Sources */ = {isa = PBXBuildFile; fileRef = 38A008B52A38F0AE00F050EB /* KeyCodes.swift */; };
		38A008B82A38FD6500F050EB /* Cast.swift in Sources */ = {isa = PBXBuildFile; fileRef = 38A008B72A38FD6500F050EB /* Cast.swift */; };
		38A008BA2A3BC3D900F050EB /* ConnectivityView.swift in Sources */ = {isa = PBXBuildFile; fileRef = 38A008B92A3BC3D900F050EB /* ConnectivityView.swift */; };
		38A008BC2A3E0CFE00F050EB /* CombineBluetoothDelegate.swift in Sources */ = {isa = PBXBuildFile; fileRef = 38A008BB2A3E0CFE00F050EB /* CombineBluetoothDelegate.swift */; };
		38A008BE2A3E116800F050EB /* CombinePeripheralDelegate.swift in Sources */ = {isa = PBXBuildFile; fileRef = 38A008BD2A3E116800F050EB /* CombinePeripheralDelegate.swift */; };
		38A008C02A3E1ACF00F050EB /* WithPrevious.swift in Sources */ = {isa = PBXBuildFile; fileRef = 38A008BF2A3E1ACF00F050EB /* WithPrevious.swift */; };
		38A008C42A3E4F3400F050EB /* SizeReader.swift in Sources */ = {isa = PBXBuildFile; fileRef = 38A008C32A3E4F3400F050EB /* SizeReader.swift */; };
		38A008C62A3E53DA00F050EB /* AppDelegate.swift in Sources */ = {isa = PBXBuildFile; fileRef = 38A008C52A3E53DA00F050EB /* AppDelegate.swift */; };
/* End PBXBuildFile section */

/* Begin PBXFileReference section */
		38A008832A37C12D00F050EB /* VirtualKeyboardMessageClient.app */ = {isa = PBXFileReference; explicitFileType = wrapper.application; includeInIndex = 0; path = VirtualKeyboardMessageClient.app; sourceTree = BUILT_PRODUCTS_DIR; };
		38A008862A37C12D00F050EB /* App.swift */ = {isa = PBXFileReference; lastKnownFileType = sourcecode.swift; path = App.swift; sourceTree = "<group>"; };
		38A008882A37C12D00F050EB /* AppView.swift */ = {isa = PBXFileReference; lastKnownFileType = sourcecode.swift; path = AppView.swift; sourceTree = "<group>"; };
		38A0088A2A37C12E00F050EB /* Assets.xcassets */ = {isa = PBXFileReference; lastKnownFileType = folder.assetcatalog; path = Assets.xcassets; sourceTree = "<group>"; };
		38A0088D2A37C12E00F050EB /* Preview Assets.xcassets */ = {isa = PBXFileReference; lastKnownFileType = folder.assetcatalog; path = "Preview Assets.xcassets"; sourceTree = "<group>"; };
		38A0088F2A37C12E00F050EB /* VirtualKeyboardMessageClient.entitlements */ = {isa = PBXFileReference; lastKnownFileType = text.plist.entitlements; path = VirtualKeyboardMessageClient.entitlements; sourceTree = "<group>"; };
		38A008972A37EB7200F050EB /* KeyEventMonitoringInteractor.swift */ = {isa = PBXFileReference; lastKnownFileType = sourcecode.swift; path = KeyEventMonitoringInteractor.swift; sourceTree = "<group>"; };
		38A008992A37EBFC00F050EB /* Localizable.strings */ = {isa = PBXFileReference; lastKnownFileType = text.plist.strings; path = Localizable.strings; sourceTree = "<group>"; };
		38A008A02A37FBFF00F050EB /* BluetoothInteractor.swift */ = {isa = PBXFileReference; lastKnownFileType = sourcecode.swift; path = BluetoothInteractor.swift; sourceTree = "<group>"; };
		38A008A32A386DB400F050EB /* AwaitFirst.swift */ = {isa = PBXFileReference; lastKnownFileType = sourcecode.swift; path = AwaitFirst.swift; sourceTree = "<group>"; };
		38A008A52A38754800F050EB /* Logs.swift */ = {isa = PBXFileReference; lastKnownFileType = sourcecode.swift; path = Logs.swift; sourceTree = "<group>"; };
		38A008A92A38C7B900F050EB /* AwaitSink.swift */ = {isa = PBXFileReference; lastKnownFileType = sourcecode.swift; path = AwaitSink.swift; sourceTree = "<group>"; };
		38A008AB2A38CD0800F050EB /* CombineLatest5.swift */ = {isa = PBXFileReference; lastKnownFileType = sourcecode.swift; path = CombineLatest5.swift; sourceTree = "<group>"; };
		38A008B22A38E29700F050EB /* KeyPress.swift */ = {isa = PBXFileReference; lastKnownFileType = sourcecode.swift; path = KeyPress.swift; sourceTree = "<group>"; };
		38A008B52A38F0AE00F050EB /* KeyCodes.swift */ = {isa = PBXFileReference; lastKnownFileType = sourcecode.swift; path = KeyCodes.swift; sourceTree = "<group>"; };
		38A008B72A38FD6500F050EB /* Cast.swift */ = {isa = PBXFileReference; lastKnownFileType = sourcecode.swift; path = Cast.swift; sourceTree = "<group>"; };
		38A008B92A3BC3D900F050EB /* ConnectivityView.swift */ = {isa = PBXFileReference; lastKnownFileType = sourcecode.swift; path = ConnectivityView.swift; sourceTree = "<group>"; };
		38A008BB2A3E0CFE00F050EB /* CombineBluetoothDelegate.swift */ = {isa = PBXFileReference; lastKnownFileType = sourcecode.swift; path = CombineBluetoothDelegate.swift; sourceTree = "<group>"; };
		38A008BD2A3E116800F050EB /* CombinePeripheralDelegate.swift */ = {isa = PBXFileReference; lastKnownFileType = sourcecode.swift; path = CombinePeripheralDelegate.swift; sourceTree = "<group>"; };
		38A008BF2A3E1ACF00F050EB /* WithPrevious.swift */ = {isa = PBXFileReference; lastKnownFileType = sourcecode.swift; path = WithPrevious.swift; sourceTree = "<group>"; };
		38A008C32A3E4F3400F050EB /* SizeReader.swift */ = {isa = PBXFileReference; lastKnownFileType = sourcecode.swift; path = SizeReader.swift; sourceTree = "<group>"; };
		38A008C52A3E53DA00F050EB /* AppDelegate.swift */ = {isa = PBXFileReference; lastKnownFileType = sourcecode.swift; path = AppDelegate.swift; sourceTree = "<group>"; };
/* End PBXFileReference section */

/* Begin PBXFrameworksBuildPhase section */
		38A008802A37C12D00F050EB /* Frameworks */ = {
			isa = PBXFrameworksBuildPhase;
			buildActionMask = 2147483647;
			files = (
			);
			runOnlyForDeploymentPostprocessing = 0;
		};
/* End PBXFrameworksBuildPhase section */

/* Begin PBXGroup section */
		38A0087A2A37C12D00F050EB = {
			isa = PBXGroup;
			children = (
				38A008852A37C12D00F050EB /* VirtualKeyboardMessageClient */,
				38A008842A37C12D00F050EB /* Products */,
			);
			sourceTree = "<group>";
		};
		38A008842A37C12D00F050EB /* Products */ = {
			isa = PBXGroup;
			children = (
				38A008832A37C12D00F050EB /* VirtualKeyboardMessageClient.app */,
			);
			name = Products;
			sourceTree = "<group>";
		};
		38A008852A37C12D00F050EB /* VirtualKeyboardMessageClient */ = {
			isa = PBXGroup;
			children = (
				38A008A52A38754800F050EB /* Logs.swift */,
				38A008B42A38F0A000F050EB /* HID */,
				38A008A22A386D6700F050EB /* Combine */,
				38A0089D2A37F2D200F050EB /* View */,
				38A008962A37EB6200F050EB /* Events */,
				38A008952A37C28F00F050EB /* Bluetooth */,
				38A008862A37C12D00F050EB /* App.swift */,
				38A008C52A3E53DA00F050EB /* AppDelegate.swift */,
				38A0088A2A37C12E00F050EB /* Assets.xcassets */,
				38A0088F2A37C12E00F050EB /* VirtualKeyboardMessageClient.entitlements */,
				38A0088C2A37C12E00F050EB /* Preview Content */,
				38A008992A37EBFC00F050EB /* Localizable.strings */,
			);
			path = VirtualKeyboardMessageClient;
			sourceTree = "<group>";
		};
		38A0088C2A37C12E00F050EB /* Preview Content */ = {
			isa = PBXGroup;
			children = (
				38A0088D2A37C12E00F050EB /* Preview Assets.xcassets */,
			);
			path = "Preview Content";
			sourceTree = "<group>";
		};
		38A008952A37C28F00F050EB /* Bluetooth */ = {
			isa = PBXGroup;
			children = (
				38A008A02A37FBFF00F050EB /* BluetoothInteractor.swift */,
				38A008B22A38E29700F050EB /* KeyPress.swift */,
				38A008BB2A3E0CFE00F050EB /* CombineBluetoothDelegate.swift */,
				38A008BD2A3E116800F050EB /* CombinePeripheralDelegate.swift */,
			);
			path = Bluetooth;
			sourceTree = "<group>";
		};
		38A008962A37EB6200F050EB /* Events */ = {
			isa = PBXGroup;
			children = (
				38A008972A37EB7200F050EB /* KeyEventMonitoringInteractor.swift */,
			);
			path = Events;
			sourceTree = "<group>";
		};
		38A0089D2A37F2D200F050EB /* View */ = {
			isa = PBXGroup;
			children = (
				38A008882A37C12D00F050EB /* AppView.swift */,
				38A008B92A3BC3D900F050EB /* ConnectivityView.swift */,
				38A008C32A3E4F3400F050EB /* SizeReader.swift */,
			);
			path = View;
			sourceTree = "<group>";
		};
		38A008A22A386D6700F050EB /* Combine */ = {
			isa = PBXGroup;
			children = (
				38A008A32A386DB400F050EB /* AwaitFirst.swift */,
				38A008A92A38C7B900F050EB /* AwaitSink.swift */,
				38A008AB2A38CD0800F050EB /* CombineLatest5.swift */,
				38A008B72A38FD6500F050EB /* Cast.swift */,
				38A008BF2A3E1ACF00F050EB /* WithPrevious.swift */,
			);
			path = Combine;
			sourceTree = "<group>";
		};
		38A008B42A38F0A000F050EB /* HID */ = {
			isa = PBXGroup;
			children = (
				38A008B52A38F0AE00F050EB /* KeyCodes.swift */,
			);
			path = HID;
			sourceTree = "<group>";
		};
/* End PBXGroup section */

/* Begin PBXNativeTarget section */
		38A008822A37C12D00F050EB /* VirtualKeyboardMessageClient */ = {
			isa = PBXNativeTarget;
			buildConfigurationList = 38A008922A37C12E00F050EB /* Build configuration list for PBXNativeTarget "VirtualKeyboardMessageClient" */;
			buildPhases = (
				38A0087F2A37C12D00F050EB /* Sources */,
				38A008802A37C12D00F050EB /* Frameworks */,
				38A008812A37C12D00F050EB /* Resources */,
			);
			buildRules = (
			);
			dependencies = (
			);
			name = VirtualKeyboardMessageClient;
			productName = VirtualKeyboardMessageClient;
			productReference = 38A008832A37C12D00F050EB /* VirtualKeyboardMessageClient.app */;
			productType = "com.apple.product-type.application";
		};
/* End PBXNativeTarget section */

/* Begin PBXProject section */
		38A0087B2A37C12D00F050EB /* Project object */ = {
			isa = PBXProject;
			attributes = {
				BuildIndependentTargetsInParallel = 1;
				LastSwiftUpdateCheck = 1420;
				LastUpgradeCheck = 1420;
				TargetAttributes = {
					38A008822A37C12D00F050EB = {
						CreatedOnToolsVersion = 14.2;
					};
				};
			};
			buildConfigurationList = 38A0087E2A37C12D00F050EB /* Build configuration list for PBXProject "VirtualKeyboardMessageClient" */;
			compatibilityVersion = "Xcode 14.0";
			developmentRegion = en;
			hasScannedForEncodings = 0;
			knownRegions = (
				en,
				Base,
			);
			mainGroup = 38A0087A2A37C12D00F050EB;
			productRefGroup = 38A008842A37C12D00F050EB /* Products */;
			projectDirPath = "";
			projectRoot = "";
			targets = (
				38A008822A37C12D00F050EB /* VirtualKeyboardMessageClient */,
			);
		};
/* End PBXProject section */

/* Begin PBXResourcesBuildPhase section */
		38A008812A37C12D00F050EB /* Resources */ = {
			isa = PBXResourcesBuildPhase;
			buildActionMask = 2147483647;
			files = (
				38A0088E2A37C12E00F050EB /* Preview Assets.xcassets in Resources */,
				38A0089A2A37EBFC00F050EB /* Localizable.strings in Resources */,
				38A0088B2A37C12E00F050EB /* Assets.xcassets in Resources */,
			);
			runOnlyForDeploymentPostprocessing = 0;
		};
/* End PBXResourcesBuildPhase section */

/* Begin PBXSourcesBuildPhase section */
		38A0087F2A37C12D00F050EB /* Sources */ = {
			isa = PBXSourcesBuildPhase;
			buildActionMask = 2147483647;
			files = (
				38A008BC2A3E0CFE00F050EB /* CombineBluetoothDelegate.swift in Sources */,
				38A008982A37EB7200F050EB /* KeyEventMonitoringInteractor.swift in Sources */,
				38A008892A37C12D00F050EB /* AppView.swift in Sources */,
				38A008B62A38F0AE00F050EB /* KeyCodes.swift in Sources */,
				38A008B82A38FD6500F050EB /* Cast.swift in Sources */,
				38A008C02A3E1ACF00F050EB /* WithPrevious.swift in Sources */,
				38A008AC2A38CD0800F050EB /* CombineLatest5.swift in Sources */,
				38A008A62A38754800F050EB /* Logs.swift in Sources */,
				38A008AA2A38C7B900F050EB /* AwaitSink.swift in Sources */,
				38A008C42A3E4F3400F050EB /* SizeReader.swift in Sources */,
				38A008B32A38E29700F050EB /* KeyPress.swift in Sources */,
				38A008A42A386DB400F050EB /* AwaitFirst.swift in Sources */,
				38A008872A37C12D00F050EB /* App.swift in Sources */,
				38A008A12A37FBFF00F050EB /* BluetoothInteractor.swift in Sources */,
				38A008BE2A3E116800F050EB /* CombinePeripheralDelegate.swift in Sources */,
				38A008C62A3E53DA00F050EB /* AppDelegate.swift in Sources */,
				38A008BA2A3BC3D900F050EB /* ConnectivityView.swift in Sources */,
			);
			runOnlyForDeploymentPostprocessing = 0;
		};
/* End PBXSourcesBuildPhase section */

/* Begin XCBuildConfiguration section */
		38A008902A37C12E00F050EB /* Debug */ = {
			isa = XCBuildConfiguration;
			buildSettings = {
				ALWAYS_SEARCH_USER_PATHS = NO;
				CLANG_ANALYZER_NONNULL = YES;
				CLANG_ANALYZER_NUMBER_OBJECT_CONVERSION = YES_AGGRESSIVE;
				CLANG_CXX_LANGUAGE_STANDARD = "gnu++20";
				CLANG_ENABLE_MODULES = YES;
				CLANG_ENABLE_OBJC_ARC = YES;
				CLANG_ENABLE_OBJC_WEAK = YES;
				CLANG_WARN_BLOCK_CAPTURE_AUTORELEASING = YES;
				CLANG_WARN_BOOL_CONVERSION = YES;
				CLANG_WARN_COMMA = YES;
				CLANG_WARN_CONSTANT_CONVERSION = YES;
				CLANG_WARN_DEPRECATED_OBJC_IMPLEMENTATIONS = YES;
				CLANG_WARN_DIRECT_OBJC_ISA_USAGE = YES_ERROR;
				CLANG_WARN_DOCUMENTATION_COMMENTS = YES;
				CLANG_WARN_EMPTY_BODY = YES;
				CLANG_WARN_ENUM_CONVERSION = YES;
				CLANG_WARN_INFINITE_RECURSION = YES;
				CLANG_WARN_INT_CONVERSION = YES;
				CLANG_WARN_NON_LITERAL_NULL_CONVERSION = YES;
				CLANG_WARN_OBJC_IMPLICIT_RETAIN_SELF = YES;
				CLANG_WARN_OBJC_LITERAL_CONVERSION = YES;
				CLANG_WARN_OBJC_ROOT_CLASS = YES_ERROR;
				CLANG_WARN_QUOTED_INCLUDE_IN_FRAMEWORK_HEADER = YES;
				CLANG_WARN_RANGE_LOOP_ANALYSIS = YES;
				CLANG_WARN_STRICT_PROTOTYPES = YES;
				CLANG_WARN_SUSPICIOUS_MOVE = YES;
				CLANG_WARN_UNGUARDED_AVAILABILITY = YES_AGGRESSIVE;
				CLANG_WARN_UNREACHABLE_CODE = YES;
				CLANG_WARN__DUPLICATE_METHOD_MATCH = YES;
				COPY_PHASE_STRIP = NO;
				DEBUG_INFORMATION_FORMAT = dwarf;
				ENABLE_STRICT_OBJC_MSGSEND = YES;
				ENABLE_TESTABILITY = YES;
				GCC_C_LANGUAGE_STANDARD = gnu11;
				GCC_DYNAMIC_NO_PIC = NO;
				GCC_NO_COMMON_BLOCKS = YES;
				GCC_OPTIMIZATION_LEVEL = 0;
				GCC_PREPROCESSOR_DEFINITIONS = (
					"DEBUG=1",
					"$(inherited)",
				);
				GCC_WARN_64_TO_32_BIT_CONVERSION = YES;
				GCC_WARN_ABOUT_RETURN_TYPE = YES_ERROR;
				GCC_WARN_UNDECLARED_SELECTOR = YES;
				GCC_WARN_UNINITIALIZED_AUTOS = YES_AGGRESSIVE;
				GCC_WARN_UNUSED_FUNCTION = YES;
				GCC_WARN_UNUSED_VARIABLE = YES;
				MACOSX_DEPLOYMENT_TARGET = 13.1;
				MTL_ENABLE_DEBUG_INFO = INCLUDE_SOURCE;
				MTL_FAST_MATH = YES;
				ONLY_ACTIVE_ARCH = YES;
				SDKROOT = macosx;
				SWIFT_ACTIVE_COMPILATION_CONDITIONS = DEBUG;
				SWIFT_OPTIMIZATION_LEVEL = "-Onone";
			};
			name = Debug;
		};
		38A008912A37C12E00F050EB /* Release */ = {
			isa = XCBuildConfiguration;
			buildSettings = {
				ALWAYS_SEARCH_USER_PATHS = NO;
				CLANG_ANALYZER_NONNULL = YES;
				CLANG_ANALYZER_NUMBER_OBJECT_CONVERSION = YES_AGGRESSIVE;
				CLANG_CXX_LANGUAGE_STANDARD = "gnu++20";
				CLANG_ENABLE_MODULES = YES;
				CLANG_ENABLE_OBJC_ARC = YES;
				CLANG_ENABLE_OBJC_WEAK = YES;
				CLANG_WARN_BLOCK_CAPTURE_AUTORELEASING = YES;
				CLANG_WARN_BOOL_CONVERSION = YES;
				CLANG_WARN_COMMA = YES;
				CLANG_WARN_CONSTANT_CONVERSION = YES;
				CLANG_WARN_DEPRECATED_OBJC_IMPLEMENTATIONS = YES;
				CLANG_WARN_DIRECT_OBJC_ISA_USAGE = YES_ERROR;
				CLANG_WARN_DOCUMENTATION_COMMENTS = YES;
				CLANG_WARN_EMPTY_BODY = YES;
				CLANG_WARN_ENUM_CONVERSION = YES;
				CLANG_WARN_INFINITE_RECURSION = YES;
				CLANG_WARN_INT_CONVERSION = YES;
				CLANG_WARN_NON_LITERAL_NULL_CONVERSION = YES;
				CLANG_WARN_OBJC_IMPLICIT_RETAIN_SELF = YES;
				CLANG_WARN_OBJC_LITERAL_CONVERSION = YES;
				CLANG_WARN_OBJC_ROOT_CLASS = YES_ERROR;
				CLANG_WARN_QUOTED_INCLUDE_IN_FRAMEWORK_HEADER = YES;
				CLANG_WARN_RANGE_LOOP_ANALYSIS = YES;
				CLANG_WARN_STRICT_PROTOTYPES = YES;
				CLANG_WARN_SUSPICIOUS_MOVE = YES;
				CLANG_WARN_UNGUARDED_AVAILABILITY = YES_AGGRESSIVE;
				CLANG_WARN_UNREACHABLE_CODE = YES;
				CLANG_WARN__DUPLICATE_METHOD_MATCH = YES;
				COPY_PHASE_STRIP = NO;
				DEBUG_INFORMATION_FORMAT = "dwarf-with-dsym";
				ENABLE_NS_ASSERTIONS = NO;
				ENABLE_STRICT_OBJC_MSGSEND = YES;
				GCC_C_LANGUAGE_STANDARD = gnu11;
				GCC_NO_COMMON_BLOCKS = YES;
				GCC_WARN_64_TO_32_BIT_CONVERSION = YES;
				GCC_WARN_ABOUT_RETURN_TYPE = YES_ERROR;
				GCC_WARN_UNDECLARED_SELECTOR = YES;
				GCC_WARN_UNINITIALIZED_AUTOS = YES_AGGRESSIVE;
				GCC_WARN_UNUSED_FUNCTION = YES;
				GCC_WARN_UNUSED_VARIABLE = YES;
				MACOSX_DEPLOYMENT_TARGET = 13.1;
				MTL_ENABLE_DEBUG_INFO = NO;
				MTL_FAST_MATH = YES;
				SDKROOT = macosx;
				SWIFT_COMPILATION_MODE = wholemodule;
				SWIFT_OPTIMIZATION_LEVEL = "-O";
			};
			name = Release;
		};
		38A008932A37C12E00F050EB /* Debug */ = {
			isa = XCBuildConfiguration;
			buildSettings = {
				ASSETCATALOG_COMPILER_APPICON_NAME = AppIcon;
				ASSETCATALOG_COMPILER_GLOBAL_ACCENT_COLOR_NAME = AccentColor;
				CODE_SIGN_ENTITLEMENTS = VirtualKeyboardMessageClient/VirtualKeyboardMessageClient.entitlements;
				CODE_SIGN_IDENTITY = "Apple Development";
				CODE_SIGN_STYLE = Automatic;
				COMBINE_HIDPI_IMAGES = YES;
				CURRENT_PROJECT_VERSION = 1;
				DEVELOPMENT_ASSET_PATHS = "\"VirtualKeyboardMessageClient/Preview Content\"";
				DEVELOPMENT_TEAM = 856YFS35AZ;
				ENABLE_PREVIEWS = YES;
				GENERATE_INFOPLIST_FILE = YES;
				INFOPLIST_KEY_NSBluetoothAlwaysUsageDescription = "Bluetooth is required for virtual keyboard receiver connection";
				INFOPLIST_KEY_NSHumanReadableCopyright = "";
				LD_RUNPATH_SEARCH_PATHS = (
					"$(inherited)",
					"@executable_path/../Frameworks",
				);
				MARKETING_VERSION = 1.0;
				PRODUCT_BUNDLE_IDENTIFIER = com.woodblockwithoutco.VirtualKeyboardMessageClient;
				PRODUCT_NAME = "$(TARGET_NAME)";
				PROVISIONING_PROFILE_SPECIFIER = "";
				SWIFT_EMIT_LOC_STRINGS = YES;
				SWIFT_VERSION = 5.0;
			};
			name = Debug;
		};
		38A008942A37C12E00F050EB /* Release */ = {
			isa = XCBuildConfiguration;
			buildSettings = {
				ASSETCATALOG_COMPILER_APPICON_NAME = AppIcon;
				ASSETCATALOG_COMPILER_GLOBAL_ACCENT_COLOR_NAME = AccentColor;
				CODE_SIGN_ENTITLEMENTS = VirtualKeyboardMessageClient/VirtualKeyboardMessageClient.entitlements;
				CODE_SIGN_IDENTITY = "Apple Development";
				CODE_SIGN_STYLE = Automatic;
				COMBINE_HIDPI_IMAGES = YES;
				CURRENT_PROJECT_VERSION = 1;
				DEVELOPMENT_ASSET_PATHS = "\"VirtualKeyboardMessageClient/Preview Content\"";
				DEVELOPMENT_TEAM = 856YFS35AZ;
				ENABLE_PREVIEWS = YES;
				GENERATE_INFOPLIST_FILE = YES;
				INFOPLIST_KEY_NSBluetoothAlwaysUsageDescription = "Bluetooth is required for virtual keyboard receiver connection";
				INFOPLIST_KEY_NSHumanReadableCopyright = "";
				LD_RUNPATH_SEARCH_PATHS = (
					"$(inherited)",
					"@executable_path/../Frameworks",
				);
				MARKETING_VERSION = 1.0;
				PRODUCT_BUNDLE_IDENTIFIER = com.woodblockwithoutco.VirtualKeyboardMessageClient;
				PRODUCT_NAME = "$(TARGET_NAME)";
				PROVISIONING_PROFILE_SPECIFIER = "";
				SWIFT_EMIT_LOC_STRINGS = YES;
				SWIFT_VERSION = 5.0;
			};
			name = Release;
		};
/* End XCBuildConfiguration section */

/* Begin XCConfigurationList section */
		38A0087E2A37C12D00F050EB /* Build configuration list for PBXProject "VirtualKeyboardMessageClient" */ = {
			isa = XCConfigurationList;
			buildConfigurations = (
				38A008902A37C12E00F050EB /* Debug */,
				38A008912A37C12E00F050EB /* Release */,
			);
			defaultConfigurationIsVisible = 0;
			defaultConfigurationName = Release;
		};
		38A008922A37C12E00F050EB /* Build configuration list for PBXNativeTarget "VirtualKeyboardMessageClient" */ = {
			isa = XCConfigurationList;
			buildConfigurations = (
				38A008932A37C12E00F050EB /* Debug */,
				38A008942A37C12E00F050EB /* Release */,
			);
			defaultConfigurationIsVisible = 0;
			defaultConfigurationName = Release;
		};
/* End XCConfigurationList section */
	};
	rootObject = 38A0087B2A37C12D00F050EB /* Project object */;
}
